
Microsoft Visual Studio Solution File, Format Version 12.00
# Visual Studio Version 16
VisualStudioVersion = 16.0.29806.167
MinimumVisualStudioVersion = 10.0.40219.1
Project("{8BC9CEB8-8B4A-11D0-8D11-00A0C91BC942}") = "Project_1", "Project_1\Project_1.vcxproj", "{64412C5E-2DB0-4F0A-AE49-C70D3312967D}"
EndProject
Global
	GlobalSection(SolutionConfigurationPlatforms) = preSolution
		Debug|x64 = Debug|x64
		Debug|x86 = Debug|x86
		Release|x64 = Release|x64
		Release|x86 = Release|x86
	EndGlobalSection
	GlobalSection(ProjectConfigurationPlatforms) = postSolution
		{64412C5E-2DB0-4F0A-AE49-C70D3312967D}.Debug|x64.ActiveCfg = Debug|x64
		{64412C5E-2DB0-4F0A-AE49-C70D3312967D}.Debug|x64.Build.0 = Debug|x64
		{64412C5E-2DB0-4F0A-AE49-C70D3312967D}.Debug|x86.ActiveCfg = Debug|Win32
		{64412C5E-2DB0-4F0A-AE49-C70D3312967D}.Debug|x86.Build.0 = Debug|Win32
		{64412C5E-2DB0-4F0A-AE49-C70D3312967D}.Release|x64.ActiveCfg = Release|x64
		{64412C5E-2DB0-4F0A-AE49-C70D3312967D}.Release|x64.Build.0 = Release|x64
		{64412C5E-2DB0-4F0A-AE49-C70D3312967D}.Release|x86.ActiveCfg = Release|Win32
		{64412C5E-2DB0-4F0A-AE49-C70D3312967D}.Release|x86.Build.0 = Release|Win32
	EndGlobalSection
	GlobalSection(SolutionProperties) = preSolution
		HideSolutionNode = FALSE
	EndGlobalSection
	GlobalSection(ExtensibilityGlobals) = postSolution
		SolutionGuid = {BFD00A23-BD55-4237-8DFB-CD0430DF9530}
	EndGlobalSection
EndGlobal
