
Microsoft Visual Studio Solution File, Format Version 12.00
# Visual Studio Version 16
VisualStudioVersion = 16.0.30128.74
MinimumVisualStudioVersion = 10.0.40219.1
Project("{FAE04EC0-301F-11D3-BF4B-00C04F79EFBC}") = "Inventory_conrol_sys", "Inventory_conrol_sys.csproj", "{D8105BC2-FE98-4253-889C-2FB51D12B6FE}"
EndProject
Project("{FAE04EC0-301F-11D3-BF4B-00C04F79EFBC}") = "DAL", "DAL\DAL.csproj", "{F9C3FB6D-3BAD-40DE-8372-A6F191D23A47}"
EndProject
Project("{9A19103F-16F7-4668-BE54-9A1E7A4F7556}") = "DAL.Tests", "DAL.Tests\DAL.Tests.csproj", "{32F044AE-B773-43E4-9CBC-BCBF74B71A24}"
EndProject
Project("{2150E333-8FDC-42A3-9474-1A3956D46DE8}") = "Catalog", "Catalog", "{7950C769-CD1A-464B-B582-4E8452303B88}"
EndProject
Project("{FAE04EC0-301F-11D3-BF4B-00C04F79EFBC}") = "CCL", "CCL\CCL.csproj", "{AB80C9C8-2DFE-430C-9BD0-E0167AF88C84}"
EndProject
Project("{FAE04EC0-301F-11D3-BF4B-00C04F79EFBC}") = "BLL", "BLL\BLL.csproj", "{B6C13093-AB81-45DB-8D89-66C9889DC91D}"
EndProject
Project("{FAE04EC0-301F-11D3-BF4B-00C04F79EFBC}") = "BLL.Test", "BLL.Test\BLL.Test.csproj", "{7427893E-F004-4E9F-9B66-D5AA5D389418}"
EndProject
Global
	GlobalSection(SolutionConfigurationPlatforms) = preSolution
		Debug|Any CPU = Debug|Any CPU
		Release|Any CPU = Release|Any CPU
	EndGlobalSection
	GlobalSection(ProjectConfigurationPlatforms) = postSolution
		{D8105BC2-FE98-4253-889C-2FB51D12B6FE}.Debug|Any CPU.ActiveCfg = Debug|Any CPU
		{D8105BC2-FE98-4253-889C-2FB51D12B6FE}.Debug|Any CPU.Build.0 = Debug|Any CPU
		{D8105BC2-FE98-4253-889C-2FB51D12B6FE}.Release|Any CPU.ActiveCfg = Release|Any CPU
		{D8105BC2-FE98-4253-889C-2FB51D12B6FE}.Release|Any CPU.Build.0 = Release|Any CPU
		{F9C3FB6D-3BAD-40DE-8372-A6F191D23A47}.Debug|Any CPU.ActiveCfg = Debug|Any CPU
		{F9C3FB6D-3BAD-40DE-8372-A6F191D23A47}.Debug|Any CPU.Build.0 = Debug|Any CPU
		{F9C3FB6D-3BAD-40DE-8372-A6F191D23A47}.Release|Any CPU.ActiveCfg = Release|Any CPU
		{F9C3FB6D-3BAD-40DE-8372-A6F191D23A47}.Release|Any CPU.Build.0 = Release|Any CPU
		{32F044AE-B773-43E4-9CBC-BCBF74B71A24}.Debug|Any CPU.ActiveCfg = Debug|Any CPU
		{32F044AE-B773-43E4-9CBC-BCBF74B71A24}.Debug|Any CPU.Build.0 = Debug|Any CPU
		{32F044AE-B773-43E4-9CBC-BCBF74B71A24}.Release|Any CPU.ActiveCfg = Release|Any CPU
		{32F044AE-B773-43E4-9CBC-BCBF74B71A24}.Release|Any CPU.Build.0 = Release|Any CPU
		{AB80C9C8-2DFE-430C-9BD0-E0167AF88C84}.Debug|Any CPU.ActiveCfg = Debug|Any CPU
		{AB80C9C8-2DFE-430C-9BD0-E0167AF88C84}.Debug|Any CPU.Build.0 = Debug|Any CPU
		{AB80C9C8-2DFE-430C-9BD0-E0167AF88C84}.Release|Any CPU.ActiveCfg = Release|Any CPU
		{AB80C9C8-2DFE-430C-9BD0-E0167AF88C84}.Release|Any CPU.Build.0 = Release|Any CPU
		{B6C13093-AB81-45DB-8D89-66C9889DC91D}.Debug|Any CPU.ActiveCfg = Debug|Any CPU
		{B6C13093-AB81-45DB-8D89-66C9889DC91D}.Debug|Any CPU.Build.0 = Debug|Any CPU
		{B6C13093-AB81-45DB-8D89-66C9889DC91D}.Release|Any CPU.ActiveCfg = Release|Any CPU
		{B6C13093-AB81-45DB-8D89-66C9889DC91D}.Release|Any CPU.Build.0 = Release|Any CPU
		{7427893E-F004-4E9F-9B66-D5AA5D389418}.Debug|Any CPU.ActiveCfg = Debug|Any CPU
		{7427893E-F004-4E9F-9B66-D5AA5D389418}.Debug|Any CPU.Build.0 = Debug|Any CPU
		{7427893E-F004-4E9F-9B66-D5AA5D389418}.Release|Any CPU.ActiveCfg = Release|Any CPU
		{7427893E-F004-4E9F-9B66-D5AA5D389418}.Release|Any CPU.Build.0 = Release|Any CPU
	EndGlobalSection
	GlobalSection(SolutionProperties) = preSolution
		HideSolutionNode = FALSE
	EndGlobalSection
	GlobalSection(NestedProjects) = preSolution
		{D8105BC2-FE98-4253-889C-2FB51D12B6FE} = {7950C769-CD1A-464B-B582-4E8452303B88}
		{F9C3FB6D-3BAD-40DE-8372-A6F191D23A47} = {7950C769-CD1A-464B-B582-4E8452303B88}
		{32F044AE-B773-43E4-9CBC-BCBF74B71A24} = {7950C769-CD1A-464B-B582-4E8452303B88}
		{AB80C9C8-2DFE-430C-9BD0-E0167AF88C84} = {7950C769-CD1A-464B-B582-4E8452303B88}
		{B6C13093-AB81-45DB-8D89-66C9889DC91D} = {7950C769-CD1A-464B-B582-4E8452303B88}
	EndGlobalSection
	GlobalSection(ExtensibilityGlobals) = postSolution
		SolutionGuid = {28974AE9-AFF0-4385-AC0D-94B906CB1832}
	EndGlobalSection
EndGlobal
